{
  "nodes": {
    "base16": {
      "flake": false,
      "locked": {
        "lastModified": 1667406506,
        "narHash": "sha256-lu2DAEGZZD5EsqWAGU/bHdYlX9PcpEIKjvjwpI8ILcE=",
        "owner": "RRethy",
        "repo": "nvim-base16",
        "rev": "bd172d833538c48bd3d589fbc8bc2f3a395ecc7b",
        "type": "github"
      },
      "original": {
        "owner": "RRethy",
        "repo": "nvim-base16",
        "type": "github"
      }
    },
    "cmp-buffer": {
      "flake": false,
      "locked": {
        "lastModified": 1660101488,
        "narHash": "sha256-dG4U7MtnXThoa/PD+qFtCt76MQ14V1wX8GMYcvxEnbM=",
        "owner": "hrsh7th",
        "repo": "cmp-buffer",
        "rev": "3022dbc9166796b644a841a02de8dd1cc1d311fa",
        "type": "github"
      },
      "original": {
        "owner": "hrsh7th",
        "repo": "cmp-buffer",
        "type": "github"
      }
    },
    "cmp-nvim-lsp": {
      "flake": false,
      "locked": {
        "lastModified": 1668566979,
        "narHash": "sha256-Mqkp8IH/laUx0cK7S0BjusTT+OtOOJOamZM4+93RHdU=",
        "owner": "hrsh7th",
        "repo": "cmp-nvim-lsp",
        "rev": "59224771f91b86d1de12570b4070fe4ad7cd1eeb",
        "type": "github"
      },
      "original": {
        "owner": "hrsh7th",
        "repo": "cmp-nvim-lsp",
        "type": "github"
      }
    },
    "cmp-path": {
      "flake": false,
      "locked": {
        "lastModified": 1664784283,
        "narHash": "sha256-thppiiV3wjIaZnAXmsh7j3DUc6ceSCvGzviwFUnoPaI=",
        "owner": "hrsh7th",
        "repo": "cmp-path",
        "rev": "91ff86cd9c29299a64f968ebb45846c485725f23",
        "type": "github"
      },
      "original": {
        "owner": "hrsh7th",
        "repo": "cmp-path",
        "type": "github"
      }
    },
    "cmp-treesitter": {
      "flake": false,
      "locked": {
        "lastModified": 1666995820,
        "narHash": "sha256-+dOqV9QqN+s1no8vfL6DNeFBc2dYyduQqAH5zVwm3Rw=",
        "owner": "ray-x",
        "repo": "cmp-treesitter",
        "rev": "b40178b780d547bcf131c684bc5fd41af17d05f2",
        "type": "github"
      },
      "original": {
        "owner": "ray-x",
        "repo": "cmp-treesitter",
        "type": "github"
      }
    },
    "cmp-vsnip": {
      "flake": false,
      "locked": {
        "lastModified": 1669100283,
        "narHash": "sha256-2mkN03noOr5vBvRbSb35xZKorSH+8savQNZtgM9+QcM=",
        "owner": "hrsh7th",
        "repo": "cmp-vsnip",
        "rev": "989a8a73c44e926199bfd05fa7a516d51f2d2752",
        "type": "github"
      },
      "original": {
        "owner": "hrsh7th",
        "repo": "cmp-vsnip",
        "type": "github"
      }
    },
    "github-theme": {
      "flake": false,
      "locked": {
        "lastModified": 1665384859,
        "narHash": "sha256-cd9a8s2WIijsi4nvP1iu7/Dz7Mq8fxwFT0qOPuvyy00=",
        "owner": "projekt0n",
        "repo": "github-nvim-theme",
        "rev": "a0632f9fa9b696896d4b427de0c84c1e9f192204",
        "type": "github"
      },
      "original": {
        "owner": "projekt0n",
        "repo": "github-nvim-theme",
        "type": "github"
      }
    },
    "gitsigns-nvim": {
      "flake": false,
      "locked": {
        "lastModified": 1669826718,
        "narHash": "sha256-2S25m5sx7fHI/PHKosch7w/uV7DUOFtOQVpp9sUGKYk=",
        "owner": "lewis6991",
        "repo": "gitsigns.nvim",
        "rev": "d076301a634198e0ae3efee3b298fc63c055a871",
        "type": "github"
      },
      "original": {
        "owner": "lewis6991",
        "repo": "gitsigns.nvim",
        "type": "github"
      }
    },
    "glow-nvim": {
      "flake": false,
      "locked": {
        "lastModified": 1669815579,
        "narHash": "sha256-rI9K5CXjF5J62HYhY3NBiLlos2lwdWOQ7f4XNEX/dH4=",
        "owner": "ellisonleao",
        "repo": "glow.nvim",
        "rev": "20d1cd087f8728f21a048a3b6259f6177237b39e",
        "type": "github"
      },
      "original": {
        "owner": "ellisonleao",
        "repo": "glow.nvim",
        "type": "github"
      }
    },
    "indent-blankline": {
      "flake": false,
      "locked": {
        "lastModified": 1662104776,
        "narHash": "sha256-d+G+tLdvD8OxENIRobAv0ATl4gGQdoz3RPuBrPA3PuU=",
        "owner": "lukas-reineke",
        "repo": "indent-blankline.nvim",
        "rev": "db7cbcb40cc00fc5d6074d7569fb37197705e7f6",
        "type": "github"
      },
      "original": {
        "owner": "lukas-reineke",
        "repo": "indent-blankline.nvim",
        "type": "github"
      }
    },
    "kommentary": {
      "flake": false,
      "locked": {
        "lastModified": 1667741525,
        "narHash": "sha256-wP0ZIPvfbeWfP9MXnrPdFzzsqbrKXuL3L9v+kLNy3d4=",
        "owner": "b3nj5m1n",
        "repo": "kommentary",
        "rev": "981d56735ecc13e3c52b2d0cae269f5b9dcfe8ff",
        "type": "github"
      },
      "original": {
        "owner": "b3nj5m1n",
        "repo": "kommentary",
        "type": "github"
      }
    },
    "lsp-signature": {
      "flake": false,
      "locked": {
        "lastModified": 1670152798,
        "narHash": "sha256-Sf5HbZYOVPoEMnL0wpyx4AK2VC4GO6wq26tUif+Hr14=",
        "owner": "ray-x",
        "repo": "lsp_signature.nvim",
        "rev": "9a7e5a093a58b2eefcf77f4a84b8d8c274725d0f",
        "type": "github"
      },
      "original": {
        "owner": "ray-x",
        "repo": "lsp_signature.nvim",
        "type": "github"
      }
    },
    "lspkind": {
      "flake": false,
      "locked": {
        "lastModified": 1663824370,
        "narHash": "sha256-WwUQ+O2rIfD4yl0GFx70GsZc9nnhS7b2KWfNdaXCLmM=",
        "owner": "onsails",
        "repo": "lspkind-nvim",
        "rev": "c68b3a003483cf382428a43035079f78474cd11e",
        "type": "github"
      },
      "original": {
        "owner": "onsails",
        "repo": "lspkind-nvim",
        "type": "github"
      }
    },
    "lualine": {
      "flake": false,
      "locked": {
        "lastModified": 1669646907,
        "narHash": "sha256-DiSbSGfCe8h/7Bu48jbYQfwFXhlHmJnGG5R6oBG4JPs=",
        "owner": "nvim-lualine",
        "repo": "lualine.nvim",
        "rev": "bfa0d99ba6f98d077dd91779841f1c88b7b5c165",
        "type": "github"
      },
      "original": {
        "owner": "nvim-lualine",
        "repo": "lualine.nvim",
        "type": "github"
      }
    },
    "nixpkgs": {
      "locked": {
        "lastModified": 1670148586,
        "narHash": "sha256-EcDfOiTHs0UBAtyGc0wxJJdhcMjrJEgWXjJutxZGA3E=",
        "owner": "nixos",
        "repo": "nixpkgs",
        "rev": "a2d2f70b82ada0eadbcb1df2bca32d841a3c1bf1",
        "type": "github"
      },
      "original": {
        "owner": "nixos",
        "ref": "nixpkgs-unstable",
        "repo": "nixpkgs",
        "type": "github"
      }
    },
    "null-ls": {
      "flake": false,
      "locked": {
        "lastModified": 1670247790,
        "narHash": "sha256-fAqhpPJV53XmFQaJ7xnTOd+DKFLxGyfDnvSYW6ZOMQc=",
        "owner": "jose-elias-alvarez",
        "repo": "null-ls.nvim",
        "rev": "b3d2ebdb75cf1fa4290822b43dc31f61bd0023f8",
        "type": "github"
      },
      "original": {
        "owner": "jose-elias-alvarez",
        "repo": "null-ls.nvim",
        "type": "github"
      }
    },
    "nvim-autopairs": {
      "flake": false,
      "locked": {
        "lastModified": 1669643962,
        "narHash": "sha256-saW9+e5DeEJSL6T00v/MOE+dFuODmGRBd9Gf1pWDY98=",
        "owner": "windwp",
        "repo": "nvim-autopairs",
        "rev": "99f696339266c22e7313d6a85a95bd538c3fc226",
        "type": "github"
      },
      "original": {
        "owner": "windwp",
        "repo": "nvim-autopairs",
        "type": "github"
      }
    },
    "nvim-cmp": {
      "flake": false,
      "locked": {
        "lastModified": 1669562650,
        "narHash": "sha256-zNXpUM55ylCzEngj4L9kPuGq1v6x4xeK3MldsnIYKTE=",
        "owner": "hrsh7th",
        "repo": "nvim-cmp",
        "rev": "93f385c17611039f3cc35e1399f1c0a8cf82f1fb",
        "type": "github"
      },
      "original": {
        "owner": "hrsh7th",
        "repo": "nvim-cmp",
        "type": "github"
      }
    },
    "nvim-code-action-menu": {
      "flake": false,
      "locked": {
        "lastModified": 1665127936,
        "narHash": "sha256-QvSP4ADZV0bCJTv3lwUNcVN/wr5XZ04d1/KIzKfLbqM=",
        "owner": "weilbith",
        "repo": "nvim-code-action-menu",
        "rev": "58e12501ea028ff1171f8f06ea53891f7c6e1c3f",
        "type": "github"
      },
      "original": {
        "owner": "weilbith",
        "repo": "nvim-code-action-menu",
        "type": "github"
      }
    },
    "nvim-cursorline": {
      "flake": false,
      "locked": {
        "lastModified": 1650034925,
        "narHash": "sha256-Uhw65p1KBjs8KsVOmTzuiu3XKclxBob8AVdWEt30C/8=",
        "owner": "yamatsum",
        "repo": "nvim-cursorline",
        "rev": "804f0023692653b2b2368462d67d2a87056947f9",
        "type": "github"
      },
      "original": {
        "owner": "yamatsum",
        "repo": "nvim-cursorline",
        "type": "github"
      }
    },
    "nvim-lightbulb": {
      "flake": false,
      "locked": {
        "lastModified": 1661474119,
        "narHash": "sha256-nw6H/dS4dHdrobnrfJVa8urWrMnbTWrA5bQJy9xbKXY=",
        "owner": "kosayoda",
        "repo": "nvim-lightbulb",
        "rev": "56b9ce31ec9d09d560fe8787c0920f76bc208297",
        "type": "github"
      },
      "original": {
        "owner": "kosayoda",
        "repo": "nvim-lightbulb",
        "type": "github"
      }
    },
    "nvim-lspconfig": {
      "flake": false,
      "locked": {
        "lastModified": 1649985901,
        "narHash": "sha256-qU9D2bGRS6gDIxY8pgjwTVEwDTa8GXHUUQkXk9pBK/U=",
        "owner": "neovim",
        "repo": "nvim-lspconfig",
        "rev": "99596a8cabb050c6eab2c049e9acde48f42aafa4",
        "type": "github"
      },
      "original": {
        "owner": "neovim",
        "ref": "v0.1.3",
        "repo": "nvim-lspconfig",
        "type": "github"
      }
    },
    "nvim-treesitter": {
      "flake": false,
      "locked": {
        "lastModified": 1670258404,
        "narHash": "sha256-3043eylpWkOhxSJACdobpEnDZ4mqZBqYsUiPShSZfP0=",
        "owner": "nvim-treesitter",
        "repo": "nvim-treesitter",
        "rev": "4953fdf73ef5ada18e1e969019803605f4f4a4ac",
        "type": "github"
      },
      "original": {
        "owner": "nvim-treesitter",
        "repo": "nvim-treesitter",
        "type": "github"
      }
    },
    "nvim-treesitter-context": {
      "flake": false,
      "locked": {
        "lastModified": 1652175020,
        "narHash": "sha256-dYw/Y6+Eni7gTSjvCCl7E6ho8xSTxDYAwH3xGEhf54Q=",
        "owner": "lewis6991",
        "repo": "nvim-treesitter-context",
        "rev": "c931a3136a696c1827eda78ac678aea542115bd0",
        "type": "github"
      },
      "original": {
        "owner": "lewis6991",
        "repo": "nvim-treesitter-context",
        "type": "github"
      }
    },
    "plenary-nvim": {
      "flake": false,
      "locked": {
        "lastModified": 1664607953,
        "narHash": "sha256-lIdBrVpi+vUudeotjFAuw4C0VT8TPoFE9cVVAQEsAYU=",
        "owner": "nvim-lua",
        "repo": "plenary.nvim",
        "rev": "4b7e52044bbb84242158d977a50c4cbcd85070c7",
        "type": "github"
      },
      "original": {
        "owner": "nvim-lua",
        "repo": "plenary.nvim",
        "type": "github"
      }
    },
    "root": {
      "inputs": {
        "base16": "base16",
        "cmp-buffer": "cmp-buffer",
        "cmp-nvim-lsp": "cmp-nvim-lsp",
        "cmp-path": "cmp-path",
        "cmp-treesitter": "cmp-treesitter",
        "cmp-vsnip": "cmp-vsnip",
        "github-theme": "github-theme",
        "gitsigns-nvim": "gitsigns-nvim",
        "glow-nvim": "glow-nvim",
        "indent-blankline": "indent-blankline",
        "kommentary": "kommentary",
        "lsp-signature": "lsp-signature",
        "lspkind": "lspkind",
        "lualine": "lualine",
        "nixpkgs": "nixpkgs",
        "null-ls": "null-ls",
        "nvim-autopairs": "nvim-autopairs",
        "nvim-cmp": "nvim-cmp",
        "nvim-code-action-menu": "nvim-code-action-menu",
        "nvim-cursorline": "nvim-cursorline",
        "nvim-lightbulb": "nvim-lightbulb",
        "nvim-lspconfig": "nvim-lspconfig",
        "nvim-treesitter": "nvim-treesitter",
        "nvim-treesitter-context": "nvim-treesitter-context",
        "plenary-nvim": "plenary-nvim",
        "sqls-nvim": "sqls-nvim",
        "telescope": "telescope",
        "telescope-file-browser": "telescope-file-browser",
        "telescope-project": "telescope-project",
        "telescope-symbols": "telescope-symbols",
        "telescope-ui-select": "telescope-ui-select",
        "todo-comments": "todo-comments",
        "vim-vsnip": "vim-vsnip"
      }
    },
    "sqls-nvim": {
      "flake": false,
      "locked": {
        "lastModified": 1657291129,
        "narHash": "sha256-tatUEAI8EVXDYQPAAZ5+38YOPWb8Ei9VHCzHp+AyRjc=",
        "owner": "nanotee",
        "repo": "sqls.nvim",
        "rev": "a0048b7018c99b68456f91b4aa42ce288f0c0774",
        "type": "github"
      },
      "original": {
        "owner": "nanotee",
        "repo": "sqls.nvim",
        "type": "github"
      }
    },
    "telescope": {
      "flake": false,
      "locked": {
        "lastModified": 1669979094,
        "narHash": "sha256-5UgCqnDs4iubnq7gER1wC8Mk9UZuo8cWqDB8ZbyGCRI=",
        "owner": "nvim-telescope",
        "repo": "telescope.nvim",
        "rev": "cabf991b1d3996fa6f3232327fc649bbdf676496",
        "type": "github"
      },
      "original": {
        "owner": "nvim-telescope",
        "repo": "telescope.nvim",
        "type": "github"
      }
    },
    "telescope-file-browser": {
      "flake": false,
      "locked": {
        "lastModified": 1670179630,
        "narHash": "sha256-w+dQgJQJ6lpkr0oA4cb/nJikS2GVe9vQL2rpXdshFDQ=",
        "owner": "nvim-telescope",
        "repo": "telescope-file-browser.nvim",
        "rev": "cad567e11131a01f2934930c1efc8b1b09a0dc56",
        "type": "github"
      },
      "original": {
        "owner": "nvim-telescope",
        "repo": "telescope-file-browser.nvim",
        "type": "github"
      }
    },
    "telescope-project": {
      "flake": false,
      "locked": {
        "lastModified": 1648422945,
        "narHash": "sha256-TfrdLHqQ3yE8vg4ylRAIhArja1+L1sJcMnt9k8rL9Xg=",
        "owner": "ikerurda",
        "repo": "telescope-project.nvim",
        "rev": "2b9141c0ca7fd16cc487b0a01863084c89e48a22",
        "type": "github"
      },
      "original": {
        "owner": "ikerurda",
        "repo": "telescope-project.nvim",
        "type": "github"
      }
    },
    "telescope-symbols": {
      "flake": false,
      "locked": {
        "lastModified": 1650204571,
        "narHash": "sha256-Z7Bn3iF9Wom8cSdKNVDgQTirQ+W6OWuG30BVq0VLgPs=",
        "owner": "nvim-telescope",
        "repo": "telescope-symbols.nvim",
        "rev": "f7d7c84873c95c7bd5682783dd66f84170231704",
        "type": "github"
      },
      "original": {
        "owner": "nvim-telescope",
        "repo": "telescope-symbols.nvim",
        "type": "github"
      }
    },
    "telescope-ui-select": {
      "flake": false,
      "locked": {
        "lastModified": 1651305900,
        "narHash": "sha256-/JM2KX70JXa3sydrUj13Vd4rRwhn3VrdW7qLLHqIqyY=",
        "owner": "nvim-telescope",
        "repo": "telescope-ui-select.nvim",
        "rev": "62ea5e58c7bbe191297b983a9e7e89420f581369",
        "type": "github"
      },
      "original": {
        "owner": "nvim-telescope",
        "repo": "telescope-ui-select.nvim",
        "type": "github"
      }
    },
    "todo-comments": {
      "flake": false,
      "locked": {
        "lastModified": 1668584548,
        "narHash": "sha256-8RP0vtz0wj9d2rz4WY+cTOCui9k56Hsa8glBXPaK0ZM=",
        "owner": "folke",
        "repo": "todo-comments.nvim",
        "rev": "1b9df577262b2c4c4ea422161742927f80ffa131",
        "type": "github"
      },
      "original": {
        "owner": "folke",
        "repo": "todo-comments.nvim",
        "type": "github"
      }
    },
    "vim-vsnip": {
      "flake": false,
      "locked": {
        "lastModified": 1669782539,
        "narHash": "sha256-eGkr/hWw5NTBFTOSl1i9MT0Da+IOINyT0P2MmLuuJKg=",
        "owner": "hrsh7th",
        "repo": "vim-vsnip",
        "rev": "e44026b5394fd79aa0f2118aaf41627ef9c354ee",
        "type": "github"
      },
      "original": {
        "owner": "hrsh7th",
        "repo": "vim-vsnip",
        "type": "github"
      }
    }
  },
  "root": "root",
  "version": 7
}
